
Microsoft Visual Studio Solution File, Format Version 12.00
# Visual Studio Version 17
VisualStudioVersion = 17.4.33213.308
MinimumVisualStudioVersion = 10.0.40219.1
Project("{9A19103F-16F7-4668-BE54-9A1E7A4F7556}") = "Dekompiler", "Dekompiler\Dekompiler.csproj", "{7BFFF268-222A-48EE-922D-C3762B363EE2}"
EndProject
Project("{FAE04EC0-301F-11D3-BF4B-00C04F79EFBC}") = "Dekompiler.Core", "Dekompiler.Core\Dekompiler.Core.csproj", "{6F4AB40B-39AA-4086-8330-12FEBC3A6284}"
EndProject
Project("{FAE04EC0-301F-11D3-BF4B-00C04F79EFBC}") = "Dekompiler.Desktop", "Dekompiler.Desktop\Dekompiler.Desktop.csproj", "{DFF2E637-A833-4912-8663-A81D1DB7C1AB}"
EndProject
Global
	GlobalSection(SolutionConfigurationPlatforms) = preSolution
		Debug|Any CPU = Debug|Any CPU
		Release|Any CPU = Release|Any CPU
	EndGlobalSection
	GlobalSection(ProjectConfigurationPlatforms) = postSolution
		{7BFFF268-222A-48EE-922D-C3762B363EE2}.Debug|Any CPU.ActiveCfg = Debug|Any CPU
		{7BFFF268-222A-48EE-922D-C3762B363EE2}.Debug|Any CPU.Build.0 = Debug|Any CPU
		{7BFFF268-222A-48EE-922D-C3762B363EE2}.Release|Any CPU.ActiveCfg = Release|Any CPU
		{7BFFF268-222A-48EE-922D-C3762B363EE2}.Release|Any CPU.Build.0 = Release|Any CPU
		{6F4AB40B-39AA-4086-8330-12FEBC3A6284}.Debug|Any CPU.ActiveCfg = Debug|Any CPU
		{6F4AB40B-39AA-4086-8330-12FEBC3A6284}.Debug|Any CPU.Build.0 = Debug|Any CPU
		{6F4AB40B-39AA-4086-8330-12FEBC3A6284}.Release|Any CPU.ActiveCfg = Release|Any CPU
		{6F4AB40B-39AA-4086-8330-12FEBC3A6284}.Release|Any CPU.Build.0 = Release|Any CPU
		{DFF2E637-A833-4912-8663-A81D1DB7C1AB}.Debug|Any CPU.ActiveCfg = Debug|Any CPU
		{DFF2E637-A833-4912-8663-A81D1DB7C1AB}.Debug|Any CPU.Build.0 = Debug|Any CPU
		{DFF2E637-A833-4912-8663-A81D1DB7C1AB}.Release|Any CPU.ActiveCfg = Release|Any CPU
		{DFF2E637-A833-4912-8663-A81D1DB7C1AB}.Release|Any CPU.Build.0 = Release|Any CPU
	EndGlobalSection
	GlobalSection(SolutionProperties) = preSolution
		HideSolutionNode = FALSE
	EndGlobalSection
	GlobalSection(ExtensibilityGlobals) = postSolution
		SolutionGuid = {AACB073B-014C-4D2B-A9FD-73931838B5FB}
	EndGlobalSection
EndGlobal
